// !$*UTF8*$!
{
	archiveVersion = 1;
	classes = {
	};
	objectVersion = 46;
	objects = {

/* Begin PBXBuildFile section */
		A58C4822174A9A7B008787BC /* UIKit.framework in Frameworks */ = {isa = PBXBuildFile; fileRef = A58C4821174A9A7B008787BC /* UIKit.framework */; };
		A58C4824174A9A7B008787BC /* Foundation.framework in Frameworks */ = {isa = PBXBuildFile; fileRef = A58C4823174A9A7B008787BC /* Foundation.framework */; };
		A58C4826174A9A7B008787BC /* CoreGraphics.framework in Frameworks */ = {isa = PBXBuildFile; fileRef = A58C4825174A9A7B008787BC /* CoreGraphics.framework */; };
		A58C482C174A9A7B008787BC /* InfoPlist.strings in Resources */ = {isa = PBXBuildFile; fileRef = A58C482A174A9A7B008787BC /* InfoPlist.strings */; };
		A58C482E174A9A7B008787BC /* main.m in Sources */ = {isa = PBXBuildFile; fileRef = A58C482D174A9A7B008787BC /* main.m */; };
		A58C4832174A9A7B008787BC /* AppDelegate.m in Sources */ = {isa = PBXBuildFile; fileRef = A58C4831174A9A7B008787BC /* AppDelegate.m */; };
		A58C4834174A9A7B008787BC /* Default.png in Resources */ = {isa = PBXBuildFile; fileRef = A58C4833174A9A7B008787BC /* Default.png */; };
		A58C4836174A9A7B008787BC /* Default@2x.png in Resources */ = {isa = PBXBuildFile; fileRef = A58C4835174A9A7B008787BC /* Default@2x.png */; };
		A58C4838174A9A7B008787BC /* Default-568h@2x.png in Resources */ = {isa = PBXBuildFile; fileRef = A58C4837174A9A7B008787BC /* Default-568h@2x.png */; };
		A58C483B174A9A7B008787BC /* ViewController.m in Sources */ = {isa = PBXBuildFile; fileRef = A58C483A174A9A7B008787BC /* ViewController.m */; };
		A58C483E174A9A7B008787BC /* ViewController.xib in Resources */ = {isa = PBXBuildFile; fileRef = A58C483C174A9A7B008787BC /* ViewController.xib */; };
		A58C4845174AA5E9008787BC /* secondView.xib in Resources */ = {isa = PBXBuildFile; fileRef = A58C4844174AA5E9008787BC /* secondView.xib */; };
		A58C4848174AA871008787BC /* secondViewController.m in Sources */ = {isa = PBXBuildFile; fileRef = A58C4847174AA871008787BC /* secondViewController.m */; };
/* End PBXBuildFile section */

/* Begin PBXFileReference section */
		A58C481E174A9A7B008787BC /* week3.app */ = {isa = PBXFileReference; explicitFileType = wrapper.application; includeInIndex = 0; path = week3.app; sourceTree = BUILT_PRODUCTS_DIR; };
		A58C4821174A9A7B008787BC /* UIKit.framework */ = {isa = PBXFileReference; lastKnownFileType = wrapper.framework; name = UIKit.framework; path = System/Library/Frameworks/UIKit.framework; sourceTree = SDKROOT; };
		A58C4823174A9A7B008787BC /* Foundation.framework */ = {isa = PBXFileReference; lastKnownFileType = wrapper.framework; name = Foundation.framework; path = System/Library/Frameworks/Foundation.framework; sourceTree = SDKROOT; };
		A58C4825174A9A7B008787BC /* CoreGraphics.framework */ = {isa = PBXFileReference; lastKnownFileType = wrapper.framework; name = CoreGraphics.framework; path = System/Library/Frameworks/CoreGraphics.framework; sourceTree = SDKROOT; };
		A58C4829174A9A7B008787BC /* week3-Info.plist */ = {isa = PBXFileReference; lastKnownFileType = text.plist.xml; path = "week3-Info.plist"; sourceTree = "<group>"; };
		A58C482B174A9A7B008787BC /* en */ = {isa = PBXFileReference; lastKnownFileType = text.plist.strings; name = en; path = en.lproj/InfoPlist.strings; sourceTree = "<group>"; };
		A58C482D174A9A7B008787BC /* main.m */ = {isa = PBXFileReference; lastKnownFileType = sourcecode.c.objc; path = main.m; sourceTree = "<group>"; };
		A58C482F174A9A7B008787BC /* week3-Prefix.pch */ = {isa = PBXFileReference; lastKnownFileType = sourcecode.c.h; path = "week3-Prefix.pch"; sourceTree = "<group>"; };
		A58C4830174A9A7B008787BC /* AppDelegate.h */ = {isa = PBXFileReference; lastKnownFileType = sourcecode.c.h; path = AppDelegate.h; sourceTree = "<group>"; };
		A58C4831174A9A7B008787BC /* AppDelegate.m */ = {isa = PBXFileReference; lastKnownFileType = sourcecode.c.objc; path = AppDelegate.m; sourceTree = "<group>"; };
		A58C4833174A9A7B008787BC /* Default.png */ = {isa = PBXFileReference; lastKnownFileType = image.png; path = Default.png; sourceTree = "<group>"; };
		A58C4835174A9A7B008787BC /* Default@2x.png */ = {isa = PBXFileReference; lastKnownFileType = image.png; path = "Default@2x.png"; sourceTree = "<group>"; };
		A58C4837174A9A7B008787BC /* Default-568h@2x.png */ = {isa = PBXFileReference; lastKnownFileType = image.png; path = "Default-568h@2x.png"; sourceTree = "<group>"; };
		A58C4839174A9A7B008787BC /* ViewController.h */ = {isa = PBXFileReference; lastKnownFileType = sourcecode.c.h; path = ViewController.h; sourceTree = "<group>"; };
		A58C483A174A9A7B008787BC /* ViewController.m */ = {isa = PBXFileReference; lastKnownFileType = sourcecode.c.objc; path = ViewController.m; sourceTree = "<group>"; };
		A58C483D174A9A7B008787BC /* en */ = {isa = PBXFileReference; lastKnownFileType = file.xib; name = en; path = en.lproj/ViewController.xib; sourceTree = "<group>"; };
		A58C4844174AA5E9008787BC /* secondView.xib */ = {isa = PBXFileReference; fileEncoding = 4; lastKnownFileType = file.xib; path = secondView.xib; sourceTree = "<group>"; };
		A58C4846174AA871008787BC /* secondViewController.h */ = {isa = PBXFileReference; fileEncoding = 4; lastKnownFileType = sourcecode.c.h; path = secondViewController.h; sourceTree = "<group>"; };
		A58C4847174AA871008787BC /* secondViewController.m */ = {isa = PBXFileReference; fileEncoding = 4; lastKnownFileType = sourcecode.c.objc; path = secondViewController.m; sourceTree = "<group>"; };
/* End PBXFileReference section */

/* Begin PBXFrameworksBuildPhase section */
		A58C481B174A9A7B008787BC /* Frameworks */ = {
			isa = PBXFrameworksBuildPhase;
			buildActionMask = 2147483647;
			files = (
				A58C4822174A9A7B008787BC /* UIKit.framework in Frameworks */,
				A58C4824174A9A7B008787BC /* Foundation.framework in Frameworks */,
				A58C4826174A9A7B008787BC /* CoreGraphics.framework in Frameworks */,
			);
			runOnlyForDeploymentPostprocessing = 0;
		};
/* End PBXFrameworksBuildPhase section */

/* Begin PBXGroup section */
		A58C4815174A9A7B008787BC = {
			isa = PBXGroup;
			children = (
				A58C4827174A9A7B008787BC /* week3 */,
				A58C4820174A9A7B008787BC /* Frameworks */,
				A58C481F174A9A7B008787BC /* Products */,
			);
			sourceTree = "<group>";
		};
		A58C481F174A9A7B008787BC /* Products */ = {
			isa = PBXGroup;
			children = (
				A58C481E174A9A7B008787BC /* week3.app */,
			);
			name = Products;
			sourceTree = "<group>";
		};
		A58C4820174A9A7B008787BC /* Frameworks */ = {
			isa = PBXGroup;
			children = (
				A58C4821174A9A7B008787BC /* UIKit.framework */,
				A58C4823174A9A7B008787BC /* Foundation.framework */,
				A58C4825174A9A7B008787BC /* CoreGraphics.framework */,
			);
			name = Frameworks;
			sourceTree = "<group>";
		};
		A58C4827174A9A7B008787BC /* week3 */ = {
			isa = PBXGroup;
			children = (
				A58C4830174A9A7B008787BC /* AppDelegate.h */,
				A58C4831174A9A7B008787BC /* AppDelegate.m */,
				A58C4839174A9A7B008787BC /* ViewController.h */,
				A58C483A174A9A7B008787BC /* ViewController.m */,
				A58C483C174A9A7B008787BC /* ViewController.xib */,
				A58C4828174A9A7B008787BC /* Supporting Files */,
				A58C4844174AA5E9008787BC /* secondView.xib */,
				A58C4846174AA871008787BC /* secondViewController.h */,
				A58C4847174AA871008787BC /* secondViewController.m */,
			);
			path = week3;
			sourceTree = "<group>";
		};
		A58C4828174A9A7B008787BC /* Supporting Files */ = {
			isa = PBXGroup;
			children = (
				A58C4829174A9A7B008787BC /* week3-Info.plist */,
				A58C482A174A9A7B008787BC /* InfoPlist.strings */,
				A58C482D174A9A7B008787BC /* main.m */,
				A58C482F174A9A7B008787BC /* week3-Prefix.pch */,
				A58C4833174A9A7B008787BC /* Default.png */,
				A58C4835174A9A7B008787BC /* Default@2x.png */,
				A58C4837174A9A7B008787BC /* Default-568h@2x.png */,
			);
			name = "Supporting Files";
			sourceTree = "<group>";
		};
/* End PBXGroup section */

/* Begin PBXNativeTarget section */
		A58C481D174A9A7B008787BC /* week3 */ = {
			isa = PBXNativeTarget;
			buildConfigurationList = A58C4841174A9A7B008787BC /* Build configuration list for PBXNativeTarget "week3" */;
			buildPhases = (
				A58C481A174A9A7B008787BC /* Sources */,
				A58C481B174A9A7B008787BC /* Frameworks */,
				A58C481C174A9A7B008787BC /* Resources */,
			);
			buildRules = (
			);
			dependencies = (
			);
			name = week3;
			productName = week3;
			productReference = A58C481E174A9A7B008787BC /* week3.app */;
			productType = "com.apple.product-type.application";
		};
/* End PBXNativeTarget section */

/* Begin PBXProject section */
		A58C4816174A9A7B008787BC /* Project object */ = {
			isa = PBXProject;
			attributes = {
				LastUpgradeCheck = 0460;
				ORGANIZATIONNAME = "Angela Waters";
			};
			buildConfigurationList = A58C4819174A9A7B008787BC /* Build configuration list for PBXProject "week3" */;
			compatibilityVersion = "Xcode 3.2";
			developmentRegion = English;
			hasScannedForEncodings = 0;
			knownRegions = (
				en,
			);
			mainGroup = A58C4815174A9A7B008787BC;
			productRefGroup = A58C481F174A9A7B008787BC /* Products */;
			projectDirPath = "";
			projectRoot = "";
			targets = (
				A58C481D174A9A7B008787BC /* week3 */,
			);
		};
/* End PBXProject section */

/* Begin PBXResourcesBuildPhase section */
		A58C481C174A9A7B008787BC /* Resources */ = {
			isa = PBXResourcesBuildPhase;
			buildActionMask = 2147483647;
			files = (
				A58C482C174A9A7B008787BC /* InfoPlist.strings in Resources */,
				A58C4834174A9A7B008787BC /* Default.png in Resources */,
				A58C4836174A9A7B008787BC /* Default@2x.png in Resources */,
				A58C4838174A9A7B008787BC /* Default-568h@2x.png in Resources */,
				A58C483E174A9A7B008787BC /* ViewController.xib in Resources */,
				A58C4845174AA5E9008787BC /* secondView.xib in Resources */,
			);
			runOnlyForDeploymentPostprocessing = 0;
		};
/* End PBXResourcesBuildPhase section */

/* Begin PBXSourcesBuildPhase section */
		A58C481A174A9A7B008787BC /* Sources */ = {
			isa = PBXSourcesBuildPhase;
			buildActionMask = 2147483647;
			files = (
				A58C482E174A9A7B008787BC /* main.m in Sources */,
				A58C4832174A9A7B008787BC /* AppDelegate.m in Sources */,
				A58C483B174A9A7B008787BC /* ViewController.m in Sources */,
				A58C4848174AA871008787BC /* secondViewController.m in Sources */,
			);
			runOnlyForDeploymentPostprocessing = 0;
		};
/* End PBXSourcesBuildPhase section */

/* Begin PBXVariantGroup section */
		A58C482A174A9A7B008787BC /* InfoPlist.strings */ = {
			isa = PBXVariantGroup;
			children = (
				A58C482B174A9A7B008787BC /* en */,
			);
			name = InfoPlist.strings;
			sourceTree = "<group>";
		};
		A58C483C174A9A7B008787BC /* ViewController.xib */ = {
			isa = PBXVariantGroup;
			children = (
				A58C483D174A9A7B008787BC /* en */,
			);
			name = ViewController.xib;
			sourceTree = "<group>";
		};
/* End PBXVariantGroup section */

/* Begin XCBuildConfiguration section */
		A58C483F174A9A7B008787BC /* Debug */ = {
			isa = XCBuildConfiguration;
			buildSettings = {
				ALWAYS_SEARCH_USER_PATHS = NO;
				CLANG_CXX_LANGUAGE_STANDARD = "gnu++0x";
				CLANG_CXX_LIBRARY = "libc++";
				CLANG_WARN_CONSTANT_CONVERSION = YES;
				CLANG_WARN_EMPTY_BODY = YES;
				CLANG_WARN_ENUM_CONVERSION = YES;
				CLANG_WARN_INT_CONVERSION = YES;
				CLANG_WARN__DUPLICATE_METHOD_MATCH = YES;
				"CODE_SIGN_IDENTITY[sdk=iphoneos*]" = "iPhone Developer";
				COPY_PHASE_STRIP = NO;
				GCC_C_LANGUAGE_STANDARD = gnu99;
				GCC_DYNAMIC_NO_PIC = NO;
				GCC_OPTIMIZATION_LEVEL = 0;
				GCC_PREPROCESSOR_DEFINITIONS = (
					"DEBUG=1",
					"$(inherited)",
				);
				GCC_SYMBOLS_PRIVATE_EXTERN = NO;
				GCC_WARN_ABOUT_RETURN_TYPE = YES;
				GCC_WARN_UNINITIALIZED_AUTOS = YES;
				GCC_WARN_UNUSED_VARIABLE = YES;
				IPHONEOS_DEPLOYMENT_TARGET = 6.1;
				ONLY_ACTIVE_ARCH = YES;
				SDKROOT = iphoneos;
			};
			name = Debug;
		};
		A58C4840174A9A7B008787BC /* Release */ = {
			isa = XCBuildConfiguration;
			buildSettings = {
				ALWAYS_SEARCH_USER_PATHS = NO;
				CLANG_CXX_LANGUAGE_STANDARD = "gnu++0x";
				CLANG_CXX_LIBRARY = "libc++";
				CLANG_WARN_CONSTANT_CONVERSION = YES;
				CLANG_WARN_EMPTY_BODY = YES;
				CLANG_WARN_ENUM_CONVERSION = YES;
				CLANG_WARN_INT_CONVERSION = YES;
				CLANG_WARN__DUPLICATE_METHOD_MATCH = YES;
				"CODE_SIGN_IDENTITY[sdk=iphoneos*]" = "iPhone Developer";
				COPY_PHASE_STRIP = YES;
				GCC_C_LANGUAGE_STANDARD = gnu99;
				GCC_WARN_ABOUT_RETURN_TYPE = YES;
				GCC_WARN_UNINITIALIZED_AUTOS = YES;
				GCC_WARN_UNUSED_VARIABLE = YES;
				IPHONEOS_DEPLOYMENT_TARGET = 6.1;
				OTHER_CFLAGS = "-DNS_BLOCK_ASSERTIONS=1";
				SDKROOT = iphoneos;
				VALIDATE_PRODUCT = YES;
			};
			name = Release;
		};
		A58C4842174A9A7B008787BC /* Debug */ = {
			isa = XCBuildConfiguration;
			buildSettings = {
				CLANG_ENABLE_OBJC_ARC = YES;
				GCC_PRECOMPILE_PREFIX_HEADER = YES;
				GCC_PREFIX_HEADER = "week3/week3-Prefix.pch";
				INFOPLIST_FILE = "week3/week3-Info.plist";
				PRODUCT_NAME = "$(TARGET_NAME)";
				WRAPPER_EXTENSION = app;
			};
			name = Debug;
		};
		A58C4843174A9A7B008787BC /* Release */ = {
			isa = XCBuildConfiguration;
			buildSettings = {
				CLANG_ENABLE_OBJC_ARC = YES;
				GCC_PRECOMPILE_PREFIX_HEADER = YES;
				GCC_PREFIX_HEADER = "week3/week3-Prefix.pch";
				INFOPLIST_FILE = "week3/week3-Info.plist";
				PRODUCT_NAME = "$(TARGET_NAME)";
				WRAPPER_EXTENSION = app;
			};
			name = Release;
		};
/* End XCBuildConfiguration section */

/* Begin XCConfigurationList section */
		A58C4819174A9A7B008787BC /* Build configuration list for PBXProject "week3" */ = {
			isa = XCConfigurationList;
			buildConfigurations = (
				A58C483F174A9A7B008787BC /* Debug */,
				A58C4840174A9A7B008787BC /* Release */,
			);
			defaultConfigurationIsVisible = 0;
			defaultConfigurationName = Release;
		};
		A58C4841174A9A7B008787BC /* Build configuration list for PBXNativeTarget "week3" */ = {
			isa = XCConfigurationList;
			buildConfigurations = (
				A58C4842174A9A7B008787BC /* Debug */,
				A58C4843174A9A7B008787BC /* Release */,
			);
			defaultConfigurationIsVisible = 0;
			defaultConfigurationName = Release;
		};
/* End XCConfigurationList section */
	};
	rootObject = A58C4816174A9A7B008787BC /* Project object */;
}
