// !$*UTF8*$!
{
	archiveVersion = 1;
	classes = {
	};
	objectVersion = 46;
	objects = {

/* Begin PBXBuildFile section */
		A537359D1742B61000D6AAB3 /* UIKit.framework in Frameworks */ = {isa = PBXBuildFile; fileRef = A537359C1742B61000D6AAB3 /* UIKit.framework */; };
		A537359F1742B61000D6AAB3 /* Foundation.framework in Frameworks */ = {isa = PBXBuildFile; fileRef = A537359E1742B61000D6AAB3 /* Foundation.framework */; };
		A53735A11742B61000D6AAB3 /* CoreGraphics.framework in Frameworks */ = {isa = PBXBuildFile; fileRef = A53735A01742B61000D6AAB3 /* CoreGraphics.framework */; };
		A53735A71742B61000D6AAB3 /* InfoPlist.strings in Resources */ = {isa = PBXBuildFile; fileRef = A53735A51742B61000D6AAB3 /* InfoPlist.strings */; };
		A53735A91742B61000D6AAB3 /* main.m in Sources */ = {isa = PBXBuildFile; fileRef = A53735A81742B61000D6AAB3 /* main.m */; };
		A53735AD1742B61000D6AAB3 /* AppDelegate.m in Sources */ = {isa = PBXBuildFile; fileRef = A53735AC1742B61000D6AAB3 /* AppDelegate.m */; };
		A53735AF1742B61000D6AAB3 /* Default.png in Resources */ = {isa = PBXBuildFile; fileRef = A53735AE1742B61000D6AAB3 /* Default.png */; };
		A53735B11742B61000D6AAB3 /* Default@2x.png in Resources */ = {isa = PBXBuildFile; fileRef = A53735B01742B61000D6AAB3 /* Default@2x.png */; };
		A53735B31742B61000D6AAB3 /* Default-568h@2x.png in Resources */ = {isa = PBXBuildFile; fileRef = A53735B21742B61000D6AAB3 /* Default-568h@2x.png */; };
		A53735B61742B61000D6AAB3 /* ViewController.m in Sources */ = {isa = PBXBuildFile; fileRef = A53735B51742B61000D6AAB3 /* ViewController.m */; };
		A53735B91742B61000D6AAB3 /* ViewController.xib in Resources */ = {isa = PBXBuildFile; fileRef = A53735B71742B61000D6AAB3 /* ViewController.xib */; };
		A53735C71742B6D900D6AAB3 /* baseMusic.m in Sources */ = {isa = PBXBuildFile; fileRef = A53735C61742B6D900D6AAB3 /* baseMusic.m */; };
		A53735CA1742B6FB00D6AAB3 /* countryMusic.m in Sources */ = {isa = PBXBuildFile; fileRef = A53735C91742B6FB00D6AAB3 /* countryMusic.m */; };
		A53735CD1742B70D00D6AAB3 /* popMusic.m in Sources */ = {isa = PBXBuildFile; fileRef = A53735CC1742B70D00D6AAB3 /* popMusic.m */; };
		A53735D01742B71900D6AAB3 /* soulMusic.m in Sources */ = {isa = PBXBuildFile; fileRef = A53735CF1742B71900D6AAB3 /* soulMusic.m */; };
		A53735D31742B7A600D6AAB3 /* musicFactory.m in Sources */ = {isa = PBXBuildFile; fileRef = A53735D21742B7A600D6AAB3 /* musicFactory.m */; };
		A56269901742D59500EE16D3 /* SecondView.xib in Resources */ = {isa = PBXBuildFile; fileRef = A562698F1742D59500EE16D3 /* SecondView.xib */; };
		A56269931742D87600EE16D3 /* SecondViewController.m in Sources */ = {isa = PBXBuildFile; fileRef = A56269921742D87600EE16D3 /* SecondViewController.m */; };
/* End PBXBuildFile section */

/* Begin PBXFileReference section */
		A53735991742B61000D6AAB3 /* AOC2week2.app */ = {isa = PBXFileReference; explicitFileType = wrapper.application; includeInIndex = 0; path = AOC2week2.app; sourceTree = BUILT_PRODUCTS_DIR; };
		A537359C1742B61000D6AAB3 /* UIKit.framework */ = {isa = PBXFileReference; lastKnownFileType = wrapper.framework; name = UIKit.framework; path = System/Library/Frameworks/UIKit.framework; sourceTree = SDKROOT; };
		A537359E1742B61000D6AAB3 /* Foundation.framework */ = {isa = PBXFileReference; lastKnownFileType = wrapper.framework; name = Foundation.framework; path = System/Library/Frameworks/Foundation.framework; sourceTree = SDKROOT; };
		A53735A01742B61000D6AAB3 /* CoreGraphics.framework */ = {isa = PBXFileReference; lastKnownFileType = wrapper.framework; name = CoreGraphics.framework; path = System/Library/Frameworks/CoreGraphics.framework; sourceTree = SDKROOT; };
		A53735A41742B61000D6AAB3 /* AOC2week2-Info.plist */ = {isa = PBXFileReference; lastKnownFileType = text.plist.xml; path = "AOC2week2-Info.plist"; sourceTree = "<group>"; };
		A53735A61742B61000D6AAB3 /* en */ = {isa = PBXFileReference; lastKnownFileType = text.plist.strings; name = en; path = en.lproj/InfoPlist.strings; sourceTree = "<group>"; };
		A53735A81742B61000D6AAB3 /* main.m */ = {isa = PBXFileReference; lastKnownFileType = sourcecode.c.objc; path = main.m; sourceTree = "<group>"; };
		A53735AA1742B61000D6AAB3 /* AOC2week2-Prefix.pch */ = {isa = PBXFileReference; lastKnownFileType = sourcecode.c.h; path = "AOC2week2-Prefix.pch"; sourceTree = "<group>"; };
		A53735AB1742B61000D6AAB3 /* AppDelegate.h */ = {isa = PBXFileReference; lastKnownFileType = sourcecode.c.h; path = AppDelegate.h; sourceTree = "<group>"; };
		A53735AC1742B61000D6AAB3 /* AppDelegate.m */ = {isa = PBXFileReference; lastKnownFileType = sourcecode.c.objc; path = AppDelegate.m; sourceTree = "<group>"; };
		A53735AE1742B61000D6AAB3 /* Default.png */ = {isa = PBXFileReference; lastKnownFileType = image.png; path = Default.png; sourceTree = "<group>"; };
		A53735B01742B61000D6AAB3 /* Default@2x.png */ = {isa = PBXFileReference; lastKnownFileType = image.png; path = "Default@2x.png"; sourceTree = "<group>"; };
		A53735B21742B61000D6AAB3 /* Default-568h@2x.png */ = {isa = PBXFileReference; lastKnownFileType = image.png; path = "Default-568h@2x.png"; sourceTree = "<group>"; };
		A53735B41742B61000D6AAB3 /* ViewController.h */ = {isa = PBXFileReference; lastKnownFileType = sourcecode.c.h; path = ViewController.h; sourceTree = "<group>"; };
		A53735B51742B61000D6AAB3 /* ViewController.m */ = {isa = PBXFileReference; lastKnownFileType = sourcecode.c.objc; path = ViewController.m; sourceTree = "<group>"; };
		A53735B81742B61000D6AAB3 /* en */ = {isa = PBXFileReference; lastKnownFileType = file.xib; name = en; path = en.lproj/ViewController.xib; sourceTree = "<group>"; };
		A53735C51742B6D900D6AAB3 /* baseMusic.h */ = {isa = PBXFileReference; fileEncoding = 4; lastKnownFileType = sourcecode.c.h; path = baseMusic.h; sourceTree = "<group>"; };
		A53735C61742B6D900D6AAB3 /* baseMusic.m */ = {isa = PBXFileReference; fileEncoding = 4; lastKnownFileType = sourcecode.c.objc; path = baseMusic.m; sourceTree = "<group>"; };
		A53735C81742B6FB00D6AAB3 /* countryMusic.h */ = {isa = PBXFileReference; fileEncoding = 4; lastKnownFileType = sourcecode.c.h; path = countryMusic.h; sourceTree = "<group>"; };
		A53735C91742B6FB00D6AAB3 /* countryMusic.m */ = {isa = PBXFileReference; fileEncoding = 4; lastKnownFileType = sourcecode.c.objc; path = countryMusic.m; sourceTree = "<group>"; };
		A53735CB1742B70D00D6AAB3 /* popMusic.h */ = {isa = PBXFileReference; fileEncoding = 4; lastKnownFileType = sourcecode.c.h; path = popMusic.h; sourceTree = "<group>"; };
		A53735CC1742B70D00D6AAB3 /* popMusic.m */ = {isa = PBXFileReference; fileEncoding = 4; lastKnownFileType = sourcecode.c.objc; path = popMusic.m; sourceTree = "<group>"; };
		A53735CE1742B71900D6AAB3 /* soulMusic.h */ = {isa = PBXFileReference; fileEncoding = 4; lastKnownFileType = sourcecode.c.h; path = soulMusic.h; sourceTree = "<group>"; };
		A53735CF1742B71900D6AAB3 /* soulMusic.m */ = {isa = PBXFileReference; fileEncoding = 4; lastKnownFileType = sourcecode.c.objc; path = soulMusic.m; sourceTree = "<group>"; };
		A53735D11742B7A600D6AAB3 /* musicFactory.h */ = {isa = PBXFileReference; fileEncoding = 4; lastKnownFileType = sourcecode.c.h; path = musicFactory.h; sourceTree = "<group>"; };
		A53735D21742B7A600D6AAB3 /* musicFactory.m */ = {isa = PBXFileReference; fileEncoding = 4; lastKnownFileType = sourcecode.c.objc; path = musicFactory.m; sourceTree = "<group>"; };
		A562698F1742D59500EE16D3 /* SecondView.xib */ = {isa = PBXFileReference; fileEncoding = 4; lastKnownFileType = file.xib; path = SecondView.xib; sourceTree = "<group>"; };
		A56269911742D87600EE16D3 /* SecondViewController.h */ = {isa = PBXFileReference; fileEncoding = 4; lastKnownFileType = sourcecode.c.h; name = SecondViewController.h; path = ../SecondViewController.h; sourceTree = "<group>"; };
		A56269921742D87600EE16D3 /* SecondViewController.m */ = {isa = PBXFileReference; fileEncoding = 4; lastKnownFileType = sourcecode.c.objc; name = SecondViewController.m; path = ../SecondViewController.m; sourceTree = "<group>"; };
/* End PBXFileReference section */

/* Begin PBXFrameworksBuildPhase section */
		A53735961742B61000D6AAB3 /* Frameworks */ = {
			isa = PBXFrameworksBuildPhase;
			buildActionMask = 2147483647;
			files = (
				A537359D1742B61000D6AAB3 /* UIKit.framework in Frameworks */,
				A537359F1742B61000D6AAB3 /* Foundation.framework in Frameworks */,
				A53735A11742B61000D6AAB3 /* CoreGraphics.framework in Frameworks */,
			);
			runOnlyForDeploymentPostprocessing = 0;
		};
/* End PBXFrameworksBuildPhase section */

/* Begin PBXGroup section */
		A53735901742B61000D6AAB3 = {
			isa = PBXGroup;
			children = (
				A53735A21742B61000D6AAB3 /* AOC2week2 */,
				A537359B1742B61000D6AAB3 /* Frameworks */,
				A537359A1742B61000D6AAB3 /* Products */,
			);
			sourceTree = "<group>";
		};
		A537359A1742B61000D6AAB3 /* Products */ = {
			isa = PBXGroup;
			children = (
				A53735991742B61000D6AAB3 /* AOC2week2.app */,
			);
			name = Products;
			sourceTree = "<group>";
		};
		A537359B1742B61000D6AAB3 /* Frameworks */ = {
			isa = PBXGroup;
			children = (
				A537359C1742B61000D6AAB3 /* UIKit.framework */,
				A537359E1742B61000D6AAB3 /* Foundation.framework */,
				A53735A01742B61000D6AAB3 /* CoreGraphics.framework */,
			);
			name = Frameworks;
			sourceTree = "<group>";
		};
		A53735A21742B61000D6AAB3 /* AOC2week2 */ = {
			isa = PBXGroup;
			children = (
				A53735AB1742B61000D6AAB3 /* AppDelegate.h */,
				A53735AC1742B61000D6AAB3 /* AppDelegate.m */,
				A53735B41742B61000D6AAB3 /* ViewController.h */,
				A53735B51742B61000D6AAB3 /* ViewController.m */,
				A53735B71742B61000D6AAB3 /* ViewController.xib */,
				A53735A31742B61000D6AAB3 /* Supporting Files */,
				A53735C51742B6D900D6AAB3 /* baseMusic.h */,
				A53735C61742B6D900D6AAB3 /* baseMusic.m */,
				A53735C81742B6FB00D6AAB3 /* countryMusic.h */,
				A53735C91742B6FB00D6AAB3 /* countryMusic.m */,
				A53735CB1742B70D00D6AAB3 /* popMusic.h */,
				A53735CC1742B70D00D6AAB3 /* popMusic.m */,
				A53735CE1742B71900D6AAB3 /* soulMusic.h */,
				A53735CF1742B71900D6AAB3 /* soulMusic.m */,
				A53735D11742B7A600D6AAB3 /* musicFactory.h */,
				A53735D21742B7A600D6AAB3 /* musicFactory.m */,
				A562698F1742D59500EE16D3 /* SecondView.xib */,
				A56269911742D87600EE16D3 /* SecondViewController.h */,
				A56269921742D87600EE16D3 /* SecondViewController.m */,
			);
			path = AOC2week2;
			sourceTree = "<group>";
		};
		A53735A31742B61000D6AAB3 /* Supporting Files */ = {
			isa = PBXGroup;
			children = (
				A53735A41742B61000D6AAB3 /* AOC2week2-Info.plist */,
				A53735A51742B61000D6AAB3 /* InfoPlist.strings */,
				A53735A81742B61000D6AAB3 /* main.m */,
				A53735AA1742B61000D6AAB3 /* AOC2week2-Prefix.pch */,
				A53735AE1742B61000D6AAB3 /* Default.png */,
				A53735B01742B61000D6AAB3 /* Default@2x.png */,
				A53735B21742B61000D6AAB3 /* Default-568h@2x.png */,
			);
			name = "Supporting Files";
			sourceTree = "<group>";
		};
/* End PBXGroup section */

/* Begin PBXNativeTarget section */
		A53735981742B61000D6AAB3 /* AOC2week2 */ = {
			isa = PBXNativeTarget;
			buildConfigurationList = A53735BC1742B61000D6AAB3 /* Build configuration list for PBXNativeTarget "AOC2week2" */;
			buildPhases = (
				A53735951742B61000D6AAB3 /* Sources */,
				A53735961742B61000D6AAB3 /* Frameworks */,
				A53735971742B61000D6AAB3 /* Resources */,
			);
			buildRules = (
			);
			dependencies = (
			);
			name = AOC2week2;
			productName = AOC2week2;
			productReference = A53735991742B61000D6AAB3 /* AOC2week2.app */;
			productType = "com.apple.product-type.application";
		};
/* End PBXNativeTarget section */

/* Begin PBXProject section */
		A53735911742B61000D6AAB3 /* Project object */ = {
			isa = PBXProject;
			attributes = {
				LastUpgradeCheck = 0460;
				ORGANIZATIONNAME = "Angela Waters";
			};
			buildConfigurationList = A53735941742B61000D6AAB3 /* Build configuration list for PBXProject "AOC2week2" */;
			compatibilityVersion = "Xcode 3.2";
			developmentRegion = English;
			hasScannedForEncodings = 0;
			knownRegions = (
				en,
			);
			mainGroup = A53735901742B61000D6AAB3;
			productRefGroup = A537359A1742B61000D6AAB3 /* Products */;
			projectDirPath = "";
			projectRoot = "";
			targets = (
				A53735981742B61000D6AAB3 /* AOC2week2 */,
			);
		};
/* End PBXProject section */

/* Begin PBXResourcesBuildPhase section */
		A53735971742B61000D6AAB3 /* Resources */ = {
			isa = PBXResourcesBuildPhase;
			buildActionMask = 2147483647;
			files = (
				A53735A71742B61000D6AAB3 /* InfoPlist.strings in Resources */,
				A53735AF1742B61000D6AAB3 /* Default.png in Resources */,
				A53735B11742B61000D6AAB3 /* Default@2x.png in Resources */,
				A53735B31742B61000D6AAB3 /* Default-568h@2x.png in Resources */,
				A53735B91742B61000D6AAB3 /* ViewController.xib in Resources */,
				A56269901742D59500EE16D3 /* SecondView.xib in Resources */,
			);
			runOnlyForDeploymentPostprocessing = 0;
		};
/* End PBXResourcesBuildPhase section */

/* Begin PBXSourcesBuildPhase section */
		A53735951742B61000D6AAB3 /* Sources */ = {
			isa = PBXSourcesBuildPhase;
			buildActionMask = 2147483647;
			files = (
				A53735A91742B61000D6AAB3 /* main.m in Sources */,
				A53735AD1742B61000D6AAB3 /* AppDelegate.m in Sources */,
				A53735B61742B61000D6AAB3 /* ViewController.m in Sources */,
				A53735C71742B6D900D6AAB3 /* baseMusic.m in Sources */,
				A53735CA1742B6FB00D6AAB3 /* countryMusic.m in Sources */,
				A53735CD1742B70D00D6AAB3 /* popMusic.m in Sources */,
				A53735D01742B71900D6AAB3 /* soulMusic.m in Sources */,
				A53735D31742B7A600D6AAB3 /* musicFactory.m in Sources */,
				A56269931742D87600EE16D3 /* SecondViewController.m in Sources */,
			);
			runOnlyForDeploymentPostprocessing = 0;
		};
/* End PBXSourcesBuildPhase section */

/* Begin PBXVariantGroup section */
		A53735A51742B61000D6AAB3 /* InfoPlist.strings */ = {
			isa = PBXVariantGroup;
			children = (
				A53735A61742B61000D6AAB3 /* en */,
			);
			name = InfoPlist.strings;
			sourceTree = "<group>";
		};
		A53735B71742B61000D6AAB3 /* ViewController.xib */ = {
			isa = PBXVariantGroup;
			children = (
				A53735B81742B61000D6AAB3 /* en */,
			);
			name = ViewController.xib;
			sourceTree = "<group>";
		};
/* End PBXVariantGroup section */

/* Begin XCBuildConfiguration section */
		A53735BA1742B61000D6AAB3 /* Debug */ = {
			isa = XCBuildConfiguration;
			buildSettings = {
				ALWAYS_SEARCH_USER_PATHS = NO;
				CLANG_CXX_LANGUAGE_STANDARD = "gnu++0x";
				CLANG_CXX_LIBRARY = "libc++";
				CLANG_WARN_CONSTANT_CONVERSION = YES;
				CLANG_WARN_EMPTY_BODY = YES;
				CLANG_WARN_ENUM_CONVERSION = YES;
				CLANG_WARN_INT_CONVERSION = YES;
				CLANG_WARN__DUPLICATE_METHOD_MATCH = YES;
				"CODE_SIGN_IDENTITY[sdk=iphoneos*]" = "iPhone Developer";
				COPY_PHASE_STRIP = NO;
				GCC_C_LANGUAGE_STANDARD = gnu99;
				GCC_DYNAMIC_NO_PIC = NO;
				GCC_OPTIMIZATION_LEVEL = 0;
				GCC_PREPROCESSOR_DEFINITIONS = (
					"DEBUG=1",
					"$(inherited)",
				);
				GCC_SYMBOLS_PRIVATE_EXTERN = NO;
				GCC_WARN_ABOUT_RETURN_TYPE = YES;
				GCC_WARN_UNINITIALIZED_AUTOS = YES;
				GCC_WARN_UNUSED_VARIABLE = YES;
				IPHONEOS_DEPLOYMENT_TARGET = 6.1;
				ONLY_ACTIVE_ARCH = YES;
				SDKROOT = iphoneos;
			};
			name = Debug;
		};
		A53735BB1742B61000D6AAB3 /* Release */ = {
			isa = XCBuildConfiguration;
			buildSettings = {
				ALWAYS_SEARCH_USER_PATHS = NO;
				CLANG_CXX_LANGUAGE_STANDARD = "gnu++0x";
				CLANG_CXX_LIBRARY = "libc++";
				CLANG_WARN_CONSTANT_CONVERSION = YES;
				CLANG_WARN_EMPTY_BODY = YES;
				CLANG_WARN_ENUM_CONVERSION = YES;
				CLANG_WARN_INT_CONVERSION = YES;
				CLANG_WARN__DUPLICATE_METHOD_MATCH = YES;
				"CODE_SIGN_IDENTITY[sdk=iphoneos*]" = "iPhone Developer";
				COPY_PHASE_STRIP = YES;
				GCC_C_LANGUAGE_STANDARD = gnu99;
				GCC_WARN_ABOUT_RETURN_TYPE = YES;
				GCC_WARN_UNINITIALIZED_AUTOS = YES;
				GCC_WARN_UNUSED_VARIABLE = YES;
				IPHONEOS_DEPLOYMENT_TARGET = 6.1;
				OTHER_CFLAGS = "-DNS_BLOCK_ASSERTIONS=1";
				SDKROOT = iphoneos;
				VALIDATE_PRODUCT = YES;
			};
			name = Release;
		};
		A53735BD1742B61000D6AAB3 /* Debug */ = {
			isa = XCBuildConfiguration;
			buildSettings = {
				GCC_PRECOMPILE_PREFIX_HEADER = YES;
				GCC_PREFIX_HEADER = "AOC2week2/AOC2week2-Prefix.pch";
				INFOPLIST_FILE = "AOC2week2/AOC2week2-Info.plist";
				PRODUCT_NAME = "$(TARGET_NAME)";
				WRAPPER_EXTENSION = app;
			};
			name = Debug;
		};
		A53735BE1742B61000D6AAB3 /* Release */ = {
			isa = XCBuildConfiguration;
			buildSettings = {
				GCC_PRECOMPILE_PREFIX_HEADER = YES;
				GCC_PREFIX_HEADER = "AOC2week2/AOC2week2-Prefix.pch";
				INFOPLIST_FILE = "AOC2week2/AOC2week2-Info.plist";
				PRODUCT_NAME = "$(TARGET_NAME)";
				WRAPPER_EXTENSION = app;
			};
			name = Release;
		};
/* End XCBuildConfiguration section */

/* Begin XCConfigurationList section */
		A53735941742B61000D6AAB3 /* Build configuration list for PBXProject "AOC2week2" */ = {
			isa = XCConfigurationList;
			buildConfigurations = (
				A53735BA1742B61000D6AAB3 /* Debug */,
				A53735BB1742B61000D6AAB3 /* Release */,
			);
			defaultConfigurationIsVisible = 0;
			defaultConfigurationName = Release;
		};
		A53735BC1742B61000D6AAB3 /* Build configuration list for PBXNativeTarget "AOC2week2" */ = {
			isa = XCConfigurationList;
			buildConfigurations = (
				A53735BD1742B61000D6AAB3 /* Debug */,
				A53735BE1742B61000D6AAB3 /* Release */,
			);
			defaultConfigurationIsVisible = 0;
			defaultConfigurationName = Release;
		};
/* End XCConfigurationList section */
	};
	rootObject = A53735911742B61000D6AAB3 /* Project object */;
}
